
Microsoft Visual Studio Solution File, Format Version 12.00
# Visual Studio Version 17
VisualStudioVersion = 17.6.33829.357
MinimumVisualStudioVersion = 10.0.40219.1
Project("{FAE04EC0-301F-11D3-BF4B-00C04F79EFBC}") = "PresentacionTienda", "PresentacionTienda\PresentacionTienda.csproj", "{EEFD1653-DF61-44AE-A71A-B7D863A4082B}"
EndProject
Project("{FAE04EC0-301F-11D3-BF4B-00C04F79EFBC}") = "PresentacionAdmin", "PresentacionAdmin\PresentacionAdmin.csproj", "{985768DB-2236-48FC-A525-1050B5499E34}"
EndProject
Project("{FAE04EC0-301F-11D3-BF4B-00C04F79EFBC}") = "Datos", "Datos\Datos.csproj", "{F76052C6-68BF-4AEC-B80D-F238EF08596B}"
EndProject
Project("{FAE04EC0-301F-11D3-BF4B-00C04F79EFBC}") = "Entidad", "Entidad\Entidad.csproj", "{4AEF172C-20FB-4354-A300-E17E1FA29321}"
EndProject
Project("{FAE04EC0-301F-11D3-BF4B-00C04F79EFBC}") = "Negocios", "Negocios\Negocios.csproj", "{66F39359-9351-478E-94D7-1D38F32B7912}"
EndProject
Global
	GlobalSection(SolutionConfigurationPlatforms) = preSolution
		Debug|Any CPU = Debug|Any CPU
		Release|Any CPU = Release|Any CPU
	EndGlobalSection
	GlobalSection(ProjectConfigurationPlatforms) = postSolution
		{EEFD1653-DF61-44AE-A71A-B7D863A4082B}.Debug|Any CPU.ActiveCfg = Debug|Any CPU
		{EEFD1653-DF61-44AE-A71A-B7D863A4082B}.Debug|Any CPU.Build.0 = Debug|Any CPU
		{EEFD1653-DF61-44AE-A71A-B7D863A4082B}.Release|Any CPU.ActiveCfg = Release|Any CPU
		{EEFD1653-DF61-44AE-A71A-B7D863A4082B}.Release|Any CPU.Build.0 = Release|Any CPU
		{985768DB-2236-48FC-A525-1050B5499E34}.Debug|Any CPU.ActiveCfg = Debug|Any CPU
		{985768DB-2236-48FC-A525-1050B5499E34}.Debug|Any CPU.Build.0 = Debug|Any CPU
		{985768DB-2236-48FC-A525-1050B5499E34}.Release|Any CPU.ActiveCfg = Release|Any CPU
		{985768DB-2236-48FC-A525-1050B5499E34}.Release|Any CPU.Build.0 = Release|Any CPU
		{F76052C6-68BF-4AEC-B80D-F238EF08596B}.Debug|Any CPU.ActiveCfg = Debug|Any CPU
		{F76052C6-68BF-4AEC-B80D-F238EF08596B}.Debug|Any CPU.Build.0 = Debug|Any CPU
		{F76052C6-68BF-4AEC-B80D-F238EF08596B}.Release|Any CPU.ActiveCfg = Release|Any CPU
		{F76052C6-68BF-4AEC-B80D-F238EF08596B}.Release|Any CPU.Build.0 = Release|Any CPU
		{4AEF172C-20FB-4354-A300-E17E1FA29321}.Debug|Any CPU.ActiveCfg = Debug|Any CPU
		{4AEF172C-20FB-4354-A300-E17E1FA29321}.Debug|Any CPU.Build.0 = Debug|Any CPU
		{4AEF172C-20FB-4354-A300-E17E1FA29321}.Release|Any CPU.ActiveCfg = Release|Any CPU
		{4AEF172C-20FB-4354-A300-E17E1FA29321}.Release|Any CPU.Build.0 = Release|Any CPU
		{66F39359-9351-478E-94D7-1D38F32B7912}.Debug|Any CPU.ActiveCfg = Debug|Any CPU
		{66F39359-9351-478E-94D7-1D38F32B7912}.Debug|Any CPU.Build.0 = Debug|Any CPU
		{66F39359-9351-478E-94D7-1D38F32B7912}.Release|Any CPU.ActiveCfg = Release|Any CPU
		{66F39359-9351-478E-94D7-1D38F32B7912}.Release|Any CPU.Build.0 = Release|Any CPU
	EndGlobalSection
	GlobalSection(SolutionProperties) = preSolution
		HideSolutionNode = FALSE
	EndGlobalSection
	GlobalSection(ExtensibilityGlobals) = postSolution
		SolutionGuid = {E76FEB13-E2FC-45D4-B3E8-DF1B8250504A}
	EndGlobalSection
EndGlobal
